
Microsoft Visual Studio Solution File, Format Version 12.00
# Visual Studio 15
VisualStudioVersion = 15.0.27130.2020
MinimumVisualStudioVersion = 10.0.40219.1
Project("{8BC9CEB8-8B4A-11D0-8D11-00A0C91BC942}") = "ICU_C4.5_WQ", "ICU_C4.5_WQ\ICU_C4.5_WQ.vcxproj", "{31C6D376-1D9B-44CD-9380-1E5417F99856}"
EndProject
Global
	GlobalSection(SolutionConfigurationPlatforms) = preSolution
		Debug|x64 = Debug|x64
		Debug|x86 = Debug|x86
		Release|x64 = Release|x64
		Release|x86 = Release|x86
	EndGlobalSection
	GlobalSection(ProjectConfigurationPlatforms) = postSolution
		{31C6D376-1D9B-44CD-9380-1E5417F99856}.Debug|x64.ActiveCfg = Debug|x64
		{31C6D376-1D9B-44CD-9380-1E5417F99856}.Debug|x64.Build.0 = Debug|x64
		{31C6D376-1D9B-44CD-9380-1E5417F99856}.Debug|x86.ActiveCfg = Debug|Win32
		{31C6D376-1D9B-44CD-9380-1E5417F99856}.Debug|x86.Build.0 = Debug|Win32
		{31C6D376-1D9B-44CD-9380-1E5417F99856}.Release|x64.ActiveCfg = Release|x64
		{31C6D376-1D9B-44CD-9380-1E5417F99856}.Release|x64.Build.0 = Release|x64
		{31C6D376-1D9B-44CD-9380-1E5417F99856}.Release|x86.ActiveCfg = Release|Win32
		{31C6D376-1D9B-44CD-9380-1E5417F99856}.Release|x86.Build.0 = Release|Win32
	EndGlobalSection
	GlobalSection(SolutionProperties) = preSolution
		HideSolutionNode = FALSE
	EndGlobalSection
	GlobalSection(ExtensibilityGlobals) = postSolution
		SolutionGuid = {C8A223DA-E38B-4DB3-AB3E-F7D8C50A5A2C}
	EndGlobalSection
EndGlobal
